
Microsoft Visual Studio Solution File, Format Version 12.00
# Visual Studio Version 16
VisualStudioVersion = 16.0.30204.135
MinimumVisualStudioVersion = 10.0.40219.1
Project("{FAE04EC0-301F-11D3-BF4B-00C04F79EFBC}") = "myfirstproject2", "myfirstproject2\myfirstproject2.csproj", "{73887B61-E286-4CCC-A4D4-BE8B96AA1C1B}"
EndProject
Global
	GlobalSection(SolutionConfigurationPlatforms) = preSolution
		Debug|Any CPU = Debug|Any CPU
		Release|Any CPU = Release|Any CPU
	EndGlobalSection
	GlobalSection(ProjectConfigurationPlatforms) = postSolution
		{73887B61-E286-4CCC-A4D4-BE8B96AA1C1B}.Debug|Any CPU.ActiveCfg = Debug|Any CPU
		{73887B61-E286-4CCC-A4D4-BE8B96AA1C1B}.Debug|Any CPU.Build.0 = Debug|Any CPU
		{73887B61-E286-4CCC-A4D4-BE8B96AA1C1B}.Release|Any CPU.ActiveCfg = Release|Any CPU
		{73887B61-E286-4CCC-A4D4-BE8B96AA1C1B}.Release|Any CPU.Build.0 = Release|Any CPU
	EndGlobalSection
	GlobalSection(SolutionProperties) = preSolution
		HideSolutionNode = FALSE
	EndGlobalSection
	GlobalSection(ExtensibilityGlobals) = postSolution
		SolutionGuid = {0995F62E-A1FF-478D-9A24-2E82CF09BD22}
	EndGlobalSection
EndGlobal
